
Microsoft Visual Studio Solution File, Format Version 12.00
# Visual Studio Version 17
VisualStudioVersion = 17.5.33502.453
MinimumVisualStudioVersion = 10.0.40219.1
Project("{FAE04EC0-301F-11D3-BF4B-00C04F79EFBC}") = "GhostG-api", "GhostG-api\GhostG-api.csproj", "{1477A349-261A-401B-BE47-F18808B6EFAC}"
EndProject
Global
	GlobalSection(SolutionConfigurationPlatforms) = preSolution
		Debug|Any CPU = Debug|Any CPU
		Release|Any CPU = Release|Any CPU
	EndGlobalSection
	GlobalSection(ProjectConfigurationPlatforms) = postSolution
		{1477A349-261A-401B-BE47-F18808B6EFAC}.Debug|Any CPU.ActiveCfg = Debug|Any CPU
		{1477A349-261A-401B-BE47-F18808B6EFAC}.Debug|Any CPU.Build.0 = Debug|Any CPU
		{1477A349-261A-401B-BE47-F18808B6EFAC}.Release|Any CPU.ActiveCfg = Release|Any CPU
		{1477A349-261A-401B-BE47-F18808B6EFAC}.Release|Any CPU.Build.0 = Release|Any CPU
	EndGlobalSection
	GlobalSection(SolutionProperties) = preSolution
		HideSolutionNode = FALSE
	EndGlobalSection
	GlobalSection(ExtensibilityGlobals) = postSolution
		SolutionGuid = {E5C3DB36-3F38-455A-AFB4-B52601F67703}
	EndGlobalSection
EndGlobal
